
Microsoft Visual Studio Solution File, Format Version 12.00
# Visual Studio Version 16
VisualStudioVersion = 16.0.31624.102
MinimumVisualStudioVersion = 10.0.40219.1
Project("{FAE04EC0-301F-11D3-BF4B-00C04F79EFBC}") = "Core", "Core\Core.csproj", "{2F0E7F76-0027-4B8A-8427-BEB625AAF6D9}"
	ProjectSection(ProjectDependencies) = postProject
		{906A41C3-9F9A-4942-B12C-F7F2654D1B20} = {906A41C3-9F9A-4942-B12C-F7F2654D1B20}
	EndProjectSection
EndProject
Project("{888888A0-9F3D-457C-B088-3A5042F75D52}") = "ODServer", "ODServer\ODServer.pyproj", "{38A3DAE0-5A64-4F51-AFDD-0DEB288BFAA3}"
EndProject
Project("{888888A0-9F3D-457C-B088-3A5042F75D52}") = "ISServer", "ISServer\ISServer.pyproj", "{9347F128-E0BA-4B9E-8D75-F0683256D4AB}"
EndProject
Project("{9A19103F-16F7-4668-BE54-9A1E7A4F7556}") = "PvServer", "PvServer\PvServer.csproj", "{CB12F8C1-CBC1-4AC7-9E33-7B760E34F6DB}"
EndProject
Project("{FAE04EC0-301F-11D3-BF4B-00C04F79EFBC}") = "VisualUI", "VisualUI\VisualUI.csproj", "{0A35D9E8-BE19-4434-B9C3-DB96C20F210C}"
	ProjectSection(ProjectDependencies) = postProject
		{52127AB4-DE4F-455E-ABB0-A0105C57844F} = {52127AB4-DE4F-455E-ABB0-A0105C57844F}
		{CB12F8C1-CBC1-4AC7-9E33-7B760E34F6DB} = {CB12F8C1-CBC1-4AC7-9E33-7B760E34F6DB}
		{906A41C3-9F9A-4942-B12C-F7F2654D1B20} = {906A41C3-9F9A-4942-B12C-F7F2654D1B20}
		{0BE309DC-F0A2-42BC-8273-5A78440EC51B} = {0BE309DC-F0A2-42BC-8273-5A78440EC51B}
		{2B3B1DE0-7322-46DD-994F-894F16975C29} = {2B3B1DE0-7322-46DD-994F-894F16975C29}
	EndProjectSection
EndProject
Project("{888888A0-9F3D-457C-B088-3A5042F75D52}") = "TTSServer", "TTSServer\TTSServer.pyproj", "{42475364-6F33-4C0B-8ECB-8DE932852AB4}"
EndProject
Project("{FAE04EC0-301F-11D3-BF4B-00C04F79EFBC}") = "DynamicWorkAssist", "domains\DynamicWorkAssist\DynamicWorkAssist.csproj", "{2B3B1DE0-7322-46DD-994F-894F16975C29}"
	ProjectSection(ProjectDependencies) = postProject
		{CB12F8C1-CBC1-4AC7-9E33-7B760E34F6DB} = {CB12F8C1-CBC1-4AC7-9E33-7B760E34F6DB}
		{906A41C3-9F9A-4942-B12C-F7F2654D1B20} = {906A41C3-9F9A-4942-B12C-F7F2654D1B20}
	EndProjectSection
EndProject
Project("{FAE04EC0-301F-11D3-BF4B-00C04F79EFBC}") = "shaft", "domains\DynamicWorkAssist\shaft\shaft.csproj", "{0BE309DC-F0A2-42BC-8273-5A78440EC51B}"
EndProject
Project("{FAE04EC0-301F-11D3-BF4B-00C04F79EFBC}") = "end block", "domains\DynamicWorkAssist\End Block\end block.csproj", "{52127AB4-DE4F-455E-ABB0-A0105C57844F}"
EndProject
Project("{2150E333-8FDC-42A3-9474-1A3956D46DE8}") = "Domains", "Domains", "{2163EAC0-2374-475B-AE2B-4687D0C9473E}"
EndProject
Project("{2150E333-8FDC-42A3-9474-1A3956D46DE8}") = "Servers", "Servers", "{3F086097-127D-48C7-89D1-67E69039E964}"
EndProject
Project("{2150E333-8FDC-42A3-9474-1A3956D46DE8}") = "Solution Items", "Solution Items", "{D1C73B37-8C57-4A91-906A-30A50FE9A266}"
	ProjectSection(SolutionItems) = preProject
		back.jpg = back.jpg
		Blockdiagram.jpg = Blockdiagram.jpg
		Filestructure.jpg = Filestructure.jpg
		front.jpg = front.jpg
		industrial_robot_sh.ico = industrial_robot_sh.ico
		LICENSE.TXT = LICENSE.TXT
		readme.md = readme.md
		side.jpg = side.jpg
		Structure.jpg = Structure.jpg
	EndProjectSection
EndProject
Project("{2150E333-8FDC-42A3-9474-1A3956D46DE8}") = "Dynamic  Work  Assist", "Dynamic  Work  Assist", "{CFEE7556-55BC-4E3F-B919-0CC43586A11F}"
EndProject
Project("{2150E333-8FDC-42A3-9474-1A3956D46DE8}") = "Robot Arm", "Robot Arm", "{FF0B04C8-D75B-4A74-A322-FCE48358ECDD}"
EndProject
Project("{888888A0-9F3D-457C-B088-3A5042F75D52}") = "OVServer", "OVServer\OVServer.pyproj", "{D30DE264-D0E5-49F0-8E76-A1CCE184F3F0}"
EndProject
Project("{8BC9CEB8-8B4A-11D0-8D11-00A0C91BC942}") = "D415", "D415\D415.vcxproj", "{906A41C3-9F9A-4942-B12C-F7F2654D1B20}"
EndProject
Global
	GlobalSection(SolutionConfigurationPlatforms) = preSolution
		Debug|Any CPU = Debug|Any CPU
		Debug|x64 = Debug|x64
		Debug|x86 = Debug|x86
		Release|Any CPU = Release|Any CPU
		Release|x64 = Release|x64
		Release|x86 = Release|x86
	EndGlobalSection
	GlobalSection(ProjectConfigurationPlatforms) = postSolution
		{2F0E7F76-0027-4B8A-8427-BEB625AAF6D9}.Debug|Any CPU.ActiveCfg = Debug|Any CPU
		{2F0E7F76-0027-4B8A-8427-BEB625AAF6D9}.Debug|Any CPU.Build.0 = Debug|Any CPU
		{2F0E7F76-0027-4B8A-8427-BEB625AAF6D9}.Debug|x64.ActiveCfg = Debug|Any CPU
		{2F0E7F76-0027-4B8A-8427-BEB625AAF6D9}.Debug|x64.Build.0 = Debug|Any CPU
		{2F0E7F76-0027-4B8A-8427-BEB625AAF6D9}.Debug|x86.ActiveCfg = Debug|Any CPU
		{2F0E7F76-0027-4B8A-8427-BEB625AAF6D9}.Debug|x86.Build.0 = Debug|Any CPU
		{2F0E7F76-0027-4B8A-8427-BEB625AAF6D9}.Release|Any CPU.ActiveCfg = Release|Any CPU
		{2F0E7F76-0027-4B8A-8427-BEB625AAF6D9}.Release|Any CPU.Build.0 = Release|Any CPU
		{2F0E7F76-0027-4B8A-8427-BEB625AAF6D9}.Release|x64.ActiveCfg = Release|Any CPU
		{2F0E7F76-0027-4B8A-8427-BEB625AAF6D9}.Release|x64.Build.0 = Release|Any CPU
		{2F0E7F76-0027-4B8A-8427-BEB625AAF6D9}.Release|x86.ActiveCfg = Release|Any CPU
		{2F0E7F76-0027-4B8A-8427-BEB625AAF6D9}.Release|x86.Build.0 = Release|Any CPU
		{38A3DAE0-5A64-4F51-AFDD-0DEB288BFAA3}.Debug|Any CPU.ActiveCfg = Debug|Any CPU
		{38A3DAE0-5A64-4F51-AFDD-0DEB288BFAA3}.Debug|x64.ActiveCfg = Debug|Any CPU
		{38A3DAE0-5A64-4F51-AFDD-0DEB288BFAA3}.Debug|x86.ActiveCfg = Debug|Any CPU
		{38A3DAE0-5A64-4F51-AFDD-0DEB288BFAA3}.Release|Any CPU.ActiveCfg = Release|Any CPU
		{38A3DAE0-5A64-4F51-AFDD-0DEB288BFAA3}.Release|x64.ActiveCfg = Release|Any CPU
		{38A3DAE0-5A64-4F51-AFDD-0DEB288BFAA3}.Release|x86.ActiveCfg = Release|Any CPU
		{9347F128-E0BA-4B9E-8D75-F0683256D4AB}.Debug|Any CPU.ActiveCfg = Debug|Any CPU
		{9347F128-E0BA-4B9E-8D75-F0683256D4AB}.Debug|x64.ActiveCfg = Debug|Any CPU
		{9347F128-E0BA-4B9E-8D75-F0683256D4AB}.Debug|x86.ActiveCfg = Debug|Any CPU
		{9347F128-E0BA-4B9E-8D75-F0683256D4AB}.Release|Any CPU.ActiveCfg = Release|Any CPU
		{9347F128-E0BA-4B9E-8D75-F0683256D4AB}.Release|x64.ActiveCfg = Release|Any CPU
		{9347F128-E0BA-4B9E-8D75-F0683256D4AB}.Release|x86.ActiveCfg = Release|Any CPU
		{CB12F8C1-CBC1-4AC7-9E33-7B760E34F6DB}.Debug|Any CPU.ActiveCfg = Debug|Any CPU
		{CB12F8C1-CBC1-4AC7-9E33-7B760E34F6DB}.Debug|Any CPU.Build.0 = Debug|Any CPU
		{CB12F8C1-CBC1-4AC7-9E33-7B760E34F6DB}.Debug|x64.ActiveCfg = Debug|Any CPU
		{CB12F8C1-CBC1-4AC7-9E33-7B760E34F6DB}.Debug|x64.Build.0 = Debug|Any CPU
		{CB12F8C1-CBC1-4AC7-9E33-7B760E34F6DB}.Debug|x86.ActiveCfg = Debug|Any CPU
		{CB12F8C1-CBC1-4AC7-9E33-7B760E34F6DB}.Debug|x86.Build.0 = Debug|Any CPU
		{CB12F8C1-CBC1-4AC7-9E33-7B760E34F6DB}.Release|Any CPU.ActiveCfg = Release|Any CPU
		{CB12F8C1-CBC1-4AC7-9E33-7B760E34F6DB}.Release|Any CPU.Build.0 = Release|Any CPU
		{CB12F8C1-CBC1-4AC7-9E33-7B760E34F6DB}.Release|x64.ActiveCfg = Release|Any CPU
		{CB12F8C1-CBC1-4AC7-9E33-7B760E34F6DB}.Release|x64.Build.0 = Release|Any CPU
		{CB12F8C1-CBC1-4AC7-9E33-7B760E34F6DB}.Release|x86.ActiveCfg = Release|Any CPU
		{CB12F8C1-CBC1-4AC7-9E33-7B760E34F6DB}.Release|x86.Build.0 = Release|Any CPU
		{0A35D9E8-BE19-4434-B9C3-DB96C20F210C}.Debug|Any CPU.ActiveCfg = Debug|Any CPU
		{0A35D9E8-BE19-4434-B9C3-DB96C20F210C}.Debug|Any CPU.Build.0 = Debug|Any CPU
		{0A35D9E8-BE19-4434-B9C3-DB96C20F210C}.Debug|x64.ActiveCfg = Debug|Any CPU
		{0A35D9E8-BE19-4434-B9C3-DB96C20F210C}.Debug|x64.Build.0 = Debug|Any CPU
		{0A35D9E8-BE19-4434-B9C3-DB96C20F210C}.Debug|x86.ActiveCfg = Debug|Any CPU
		{0A35D9E8-BE19-4434-B9C3-DB96C20F210C}.Debug|x86.Build.0 = Debug|Any CPU
		{0A35D9E8-BE19-4434-B9C3-DB96C20F210C}.Release|Any CPU.ActiveCfg = Release|Any CPU
		{0A35D9E8-BE19-4434-B9C3-DB96C20F210C}.Release|Any CPU.Build.0 = Release|Any CPU
		{0A35D9E8-BE19-4434-B9C3-DB96C20F210C}.Release|x64.ActiveCfg = Release|Any CPU
		{0A35D9E8-BE19-4434-B9C3-DB96C20F210C}.Release|x64.Build.0 = Release|Any CPU
		{0A35D9E8-BE19-4434-B9C3-DB96C20F210C}.Release|x86.ActiveCfg = Release|Any CPU
		{0A35D9E8-BE19-4434-B9C3-DB96C20F210C}.Release|x86.Build.0 = Release|Any CPU
		{42475364-6F33-4C0B-8ECB-8DE932852AB4}.Debug|Any CPU.ActiveCfg = Debug|Any CPU
		{42475364-6F33-4C0B-8ECB-8DE932852AB4}.Debug|x64.ActiveCfg = Debug|Any CPU
		{42475364-6F33-4C0B-8ECB-8DE932852AB4}.Debug|x86.ActiveCfg = Debug|Any CPU
		{42475364-6F33-4C0B-8ECB-8DE932852AB4}.Release|Any CPU.ActiveCfg = Release|Any CPU
		{42475364-6F33-4C0B-8ECB-8DE932852AB4}.Release|x64.ActiveCfg = Release|Any CPU
		{42475364-6F33-4C0B-8ECB-8DE932852AB4}.Release|x86.ActiveCfg = Release|Any CPU
		{2B3B1DE0-7322-46DD-994F-894F16975C29}.Debug|Any CPU.ActiveCfg = Debug|Any CPU
		{2B3B1DE0-7322-46DD-994F-894F16975C29}.Debug|Any CPU.Build.0 = Debug|Any CPU
		{2B3B1DE0-7322-46DD-994F-894F16975C29}.Debug|x64.ActiveCfg = Debug|Any CPU
		{2B3B1DE0-7322-46DD-994F-894F16975C29}.Debug|x64.Build.0 = Debug|Any CPU
		{2B3B1DE0-7322-46DD-994F-894F16975C29}.Debug|x86.ActiveCfg = Debug|Any CPU
		{2B3B1DE0-7322-46DD-994F-894F16975C29}.Debug|x86.Build.0 = Debug|Any CPU
		{2B3B1DE0-7322-46DD-994F-894F16975C29}.Release|Any CPU.ActiveCfg = Release|Any CPU
		{2B3B1DE0-7322-46DD-994F-894F16975C29}.Release|Any CPU.Build.0 = Release|Any CPU
		{2B3B1DE0-7322-46DD-994F-894F16975C29}.Release|x64.ActiveCfg = Release|Any CPU
		{2B3B1DE0-7322-46DD-994F-894F16975C29}.Release|x64.Build.0 = Release|Any CPU
		{2B3B1DE0-7322-46DD-994F-894F16975C29}.Release|x86.ActiveCfg = Release|Any CPU
		{2B3B1DE0-7322-46DD-994F-894F16975C29}.Release|x86.Build.0 = Release|Any CPU
		{0BE309DC-F0A2-42BC-8273-5A78440EC51B}.Debug|Any CPU.ActiveCfg = Debug|Any CPU
		{0BE309DC-F0A2-42BC-8273-5A78440EC51B}.Debug|Any CPU.Build.0 = Debug|Any CPU
		{0BE309DC-F0A2-42BC-8273-5A78440EC51B}.Debug|x64.ActiveCfg = Debug|Any CPU
		{0BE309DC-F0A2-42BC-8273-5A78440EC51B}.Debug|x64.Build.0 = Debug|Any CPU
		{0BE309DC-F0A2-42BC-8273-5A78440EC51B}.Debug|x86.ActiveCfg = Debug|x86
		{0BE309DC-F0A2-42BC-8273-5A78440EC51B}.Debug|x86.Build.0 = Debug|x86
		{0BE309DC-F0A2-42BC-8273-5A78440EC51B}.Release|Any CPU.ActiveCfg = Release|Any CPU
		{0BE309DC-F0A2-42BC-8273-5A78440EC51B}.Release|Any CPU.Build.0 = Release|Any CPU
		{0BE309DC-F0A2-42BC-8273-5A78440EC51B}.Release|x64.ActiveCfg = Release|Any CPU
		{0BE309DC-F0A2-42BC-8273-5A78440EC51B}.Release|x64.Build.0 = Release|Any CPU
		{0BE309DC-F0A2-42BC-8273-5A78440EC51B}.Release|x86.ActiveCfg = Release|x86
		{0BE309DC-F0A2-42BC-8273-5A78440EC51B}.Release|x86.Build.0 = Release|x86
		{52127AB4-DE4F-455E-ABB0-A0105C57844F}.Debug|Any CPU.ActiveCfg = Debug|Any CPU
		{52127AB4-DE4F-455E-ABB0-A0105C57844F}.Debug|Any CPU.Build.0 = Debug|Any CPU
		{52127AB4-DE4F-455E-ABB0-A0105C57844F}.Debug|x64.ActiveCfg = Debug|Any CPU
		{52127AB4-DE4F-455E-ABB0-A0105C57844F}.Debug|x64.Build.0 = Debug|Any CPU
		{52127AB4-DE4F-455E-ABB0-A0105C57844F}.Debug|x86.ActiveCfg = Debug|x86
		{52127AB4-DE4F-455E-ABB0-A0105C57844F}.Debug|x86.Build.0 = Debug|x86
		{52127AB4-DE4F-455E-ABB0-A0105C57844F}.Release|Any CPU.ActiveCfg = Release|Any CPU
		{52127AB4-DE4F-455E-ABB0-A0105C57844F}.Release|Any CPU.Build.0 = Release|Any CPU
		{52127AB4-DE4F-455E-ABB0-A0105C57844F}.Release|x64.ActiveCfg = Release|Any CPU
		{52127AB4-DE4F-455E-ABB0-A0105C57844F}.Release|x64.Build.0 = Release|Any CPU
		{52127AB4-DE4F-455E-ABB0-A0105C57844F}.Release|x86.ActiveCfg = Release|x86
		{52127AB4-DE4F-455E-ABB0-A0105C57844F}.Release|x86.Build.0 = Release|x86
		{D30DE264-D0E5-49F0-8E76-A1CCE184F3F0}.Debug|Any CPU.ActiveCfg = Debug|Any CPU
		{D30DE264-D0E5-49F0-8E76-A1CCE184F3F0}.Debug|x64.ActiveCfg = Debug|Any CPU
		{D30DE264-D0E5-49F0-8E76-A1CCE184F3F0}.Debug|x86.ActiveCfg = Debug|Any CPU
		{D30DE264-D0E5-49F0-8E76-A1CCE184F3F0}.Release|Any CPU.ActiveCfg = Release|Any CPU
		{D30DE264-D0E5-49F0-8E76-A1CCE184F3F0}.Release|x64.ActiveCfg = Release|Any CPU
		{D30DE264-D0E5-49F0-8E76-A1CCE184F3F0}.Release|x86.ActiveCfg = Release|Any CPU
		{906A41C3-9F9A-4942-B12C-F7F2654D1B20}.Debug|Any CPU.ActiveCfg = Debug|Win32
		{906A41C3-9F9A-4942-B12C-F7F2654D1B20}.Debug|x64.ActiveCfg = Debug|x64
		{906A41C3-9F9A-4942-B12C-F7F2654D1B20}.Debug|x64.Build.0 = Debug|x64
		{906A41C3-9F9A-4942-B12C-F7F2654D1B20}.Debug|x86.ActiveCfg = Debug|Win32
		{906A41C3-9F9A-4942-B12C-F7F2654D1B20}.Debug|x86.Build.0 = Debug|Win32
		{906A41C3-9F9A-4942-B12C-F7F2654D1B20}.Release|Any CPU.ActiveCfg = Release|Win32
		{906A41C3-9F9A-4942-B12C-F7F2654D1B20}.Release|x64.ActiveCfg = Release|x64
		{906A41C3-9F9A-4942-B12C-F7F2654D1B20}.Release|x64.Build.0 = Release|x64
		{906A41C3-9F9A-4942-B12C-F7F2654D1B20}.Release|x86.ActiveCfg = Release|Win32
		{906A41C3-9F9A-4942-B12C-F7F2654D1B20}.Release|x86.Build.0 = Release|Win32
	EndGlobalSection
	GlobalSection(SolutionProperties) = preSolution
		HideSolutionNode = FALSE
	EndGlobalSection
	GlobalSection(NestedProjects) = preSolution
		{2F0E7F76-0027-4B8A-8427-BEB625AAF6D9} = {FF0B04C8-D75B-4A74-A322-FCE48358ECDD}
		{38A3DAE0-5A64-4F51-AFDD-0DEB288BFAA3} = {3F086097-127D-48C7-89D1-67E69039E964}
		{9347F128-E0BA-4B9E-8D75-F0683256D4AB} = {3F086097-127D-48C7-89D1-67E69039E964}
		{CB12F8C1-CBC1-4AC7-9E33-7B760E34F6DB} = {3F086097-127D-48C7-89D1-67E69039E964}
		{42475364-6F33-4C0B-8ECB-8DE932852AB4} = {3F086097-127D-48C7-89D1-67E69039E964}
		{2B3B1DE0-7322-46DD-994F-894F16975C29} = {CFEE7556-55BC-4E3F-B919-0CC43586A11F}
		{0BE309DC-F0A2-42BC-8273-5A78440EC51B} = {CFEE7556-55BC-4E3F-B919-0CC43586A11F}
		{52127AB4-DE4F-455E-ABB0-A0105C57844F} = {CFEE7556-55BC-4E3F-B919-0CC43586A11F}
		{CFEE7556-55BC-4E3F-B919-0CC43586A11F} = {2163EAC0-2374-475B-AE2B-4687D0C9473E}
		{D30DE264-D0E5-49F0-8E76-A1CCE184F3F0} = {3F086097-127D-48C7-89D1-67E69039E964}
		{906A41C3-9F9A-4942-B12C-F7F2654D1B20} = {FF0B04C8-D75B-4A74-A322-FCE48358ECDD}
	EndGlobalSection
	GlobalSection(ExtensibilityGlobals) = postSolution
		SolutionGuid = {A4FB5414-F9BB-4769-BF3F-E8C4EC070087}
	EndGlobalSection
EndGlobal
